{
  "socketPath": "/tmp/mcp-ZsOAsu/mcp.sock",
  "scheme": "unix",
  "headers": {
    "Authorization": "Nonce 6ad68e56-e5ad-4673-9307-87c615b821b2"
  },
  "pid": 58855,
  "ideName": "Visual Studio Code",
  "timestamp": 1785220918142,
  "workspaceFolders": [
    "/data/home/jkunhiparamb/.copilot"
  ],
  "isTrusted": true
}